
Microsoft Visual Studio Solution File, Format Version 12.00
# Visual Studio Version 16
VisualStudioVersion = 16.0.33027.164
MinimumVisualStudioVersion = 10.0.40219.1
Project("{FAE04EC0-301F-11D3-BF4B-00C04F79EFBC}") = "CICDWEB", "CICDWEB.csproj", "{5B2C15EE-3CED-4508-80DA-3E9275A85F37}"
EndProject
Global
	GlobalSection(SolutionConfigurationPlatforms) = preSolution
		Debug|Any CPU = Debug|Any CPU
		Release|Any CPU = Release|Any CPU
	EndGlobalSection
	GlobalSection(ProjectConfigurationPlatforms) = postSolution
		{5B2C15EE-3CED-4508-80DA-3E9275A85F37}.Debug|Any CPU.ActiveCfg = Debug|Any CPU
		{5B2C15EE-3CED-4508-80DA-3E9275A85F37}.Debug|Any CPU.Build.0 = Debug|Any CPU
		{5B2C15EE-3CED-4508-80DA-3E9275A85F37}.Release|Any CPU.ActiveCfg = Release|Any CPU
		{5B2C15EE-3CED-4508-80DA-3E9275A85F37}.Release|Any CPU.Build.0 = Release|Any CPU
	EndGlobalSection
	GlobalSection(SolutionProperties) = preSolution
		HideSolutionNode = FALSE
	EndGlobalSection
	GlobalSection(ExtensibilityGlobals) = postSolution
		SolutionGuid = {C37A31B5-EF7F-4FA8-ABD4-51E84477ED22}
	EndGlobalSection
EndGlobal
